
Microsoft Visual Studio Solution File, Format Version 12.00
# Visual Studio 15
VisualStudioVersion = 15.0.26730.12
MinimumVisualStudioVersion = 10.0.40219.1
Project("{FAE04EC0-301F-11D3-BF4B-00C04F79EFBC}") = "Homework 59", "Homework 59\Homework 59.csproj", "{35DAA163-1430-49F1-A5BF-6EDEBEEEE321}"
EndProject
Project("{FAE04EC0-301F-11D3-BF4B-00C04F79EFBC}") = "Homework 59.CL", "Homework 59.CL\Homework 59.CL.csproj", "{ABD2E24B-5081-445A-A9F9-89E2FA18D550}"
EndProject
Global
	GlobalSection(SolutionConfigurationPlatforms) = preSolution
		Debug|Any CPU = Debug|Any CPU
		Release|Any CPU = Release|Any CPU
	EndGlobalSection
	GlobalSection(ProjectConfigurationPlatforms) = postSolution
		{35DAA163-1430-49F1-A5BF-6EDEBEEEE321}.Debug|Any CPU.ActiveCfg = Debug|Any CPU
		{35DAA163-1430-49F1-A5BF-6EDEBEEEE321}.Debug|Any CPU.Build.0 = Debug|Any CPU
		{35DAA163-1430-49F1-A5BF-6EDEBEEEE321}.Release|Any CPU.ActiveCfg = Release|Any CPU
		{35DAA163-1430-49F1-A5BF-6EDEBEEEE321}.Release|Any CPU.Build.0 = Release|Any CPU
		{ABD2E24B-5081-445A-A9F9-89E2FA18D550}.Debug|Any CPU.ActiveCfg = Debug|Any CPU
		{ABD2E24B-5081-445A-A9F9-89E2FA18D550}.Debug|Any CPU.Build.0 = Debug|Any CPU
		{ABD2E24B-5081-445A-A9F9-89E2FA18D550}.Release|Any CPU.ActiveCfg = Release|Any CPU
		{ABD2E24B-5081-445A-A9F9-89E2FA18D550}.Release|Any CPU.Build.0 = Release|Any CPU
	EndGlobalSection
	GlobalSection(SolutionProperties) = preSolution
		HideSolutionNode = FALSE
	EndGlobalSection
	GlobalSection(ExtensibilityGlobals) = postSolution
		SolutionGuid = {6DC83C25-CD77-435E-881A-502553E972B9}
	EndGlobalSection
EndGlobal
